{
  "version": 4,
  "terraform_version": "0.12.16",
  "serial": 1,
  "lineage": "c4377e82-1089-9cf6-fdda-fcbc4454009d",
  "outputs": {
    "username": {
      "value": "root",
      "type": "string"
    }
  },
  "resources": [
    {
      "mode": "managed",
      "type": "digitalocean_droplet",
      "name": "droplet",
      "provider": "provider.digitalocean",
      "instances": [
        {
          "status": "tainted",
          "schema_version": 1,
          "attributes": {
            "backups": false,
            "created_at": "2019-11-26T09:40:33Z",
            "disk": 20,
            "id": "168749690",
            "image": "53871280",
            "ipv4_address": "157.245.63.30",
            "ipv4_address_private": "",
            "ipv6": false,
            "ipv6_address": "",
            "ipv6_address_private": null,
            "locked": false,
            "memory": 512,
            "monitoring": false,
            "name": "thnovice",
            "price_hourly": 0.00744,
            "price_monthly": 5,
            "private_networking": false,
            "region": "sgp1",
            "resize_disk": true,
            "size": "512mb",
            "ssh_keys": [
              "25851582"
            ],
            "status": "active",
            "tags": null,
            "urn": "do:droplet:168749690",
            "user_data": null,
            "vcpus": 1,
            "volume_ids": []
          },
          "private": "eyJzY2hlbWFfdmVyc2lvbiI6IjEifQ=="
        }
      ]
    }
  ]
}
